
Microsoft Visual Studio Solution File, Format Version 12.00
# Visual Studio 15
VisualStudioVersion = 15.0.26124.0
MinimumVisualStudioVersion = 15.0.26124.0
Project("{2150E333-8FDC-42A3-9474-1A3956D46DE8}") = "src", "src", "{1C1CDF2D-E83E-4615-99E9-A352D85411D1}"
EndProject
Project("{FAE04EC0-301F-11D3-BF4B-00C04F79EFBC}") = "Backend", "src\Backend\Backend.csproj", "{775E08AB-1E53-44F2-B9A8-C6609AF48928}"
EndProject
Project("{FAE04EC0-301F-11D3-BF4B-00C04F79EFBC}") = "DataItems", "src\DataItems\DataItems.csproj", "{2E2CC5EA-E5B8-42D0-AFE6-B68D6CA75574}"
EndProject
Project("{FAE04EC0-301F-11D3-BF4B-00C04F79EFBC}") = "Support", "src\Support\Support.csproj", "{C56595A7-49A9-4B2D-96D5-CFD270512A1C}"
EndProject
Global
	GlobalSection(SolutionConfigurationPlatforms) = preSolution
		Debug|Any CPU = Debug|Any CPU
		Debug|x64 = Debug|x64
		Debug|x86 = Debug|x86
		Release|Any CPU = Release|Any CPU
		Release|x64 = Release|x64
		Release|x86 = Release|x86
	EndGlobalSection
	GlobalSection(SolutionProperties) = preSolution
		HideSolutionNode = FALSE
	EndGlobalSection
	GlobalSection(ProjectConfigurationPlatforms) = postSolution
		{775E08AB-1E53-44F2-B9A8-C6609AF48928}.Debug|Any CPU.ActiveCfg = Debug|Any CPU
		{775E08AB-1E53-44F2-B9A8-C6609AF48928}.Debug|Any CPU.Build.0 = Debug|Any CPU
		{775E08AB-1E53-44F2-B9A8-C6609AF48928}.Debug|x64.ActiveCfg = Debug|Any CPU
		{775E08AB-1E53-44F2-B9A8-C6609AF48928}.Debug|x64.Build.0 = Debug|Any CPU
		{775E08AB-1E53-44F2-B9A8-C6609AF48928}.Debug|x86.ActiveCfg = Debug|Any CPU
		{775E08AB-1E53-44F2-B9A8-C6609AF48928}.Debug|x86.Build.0 = Debug|Any CPU
		{775E08AB-1E53-44F2-B9A8-C6609AF48928}.Release|Any CPU.ActiveCfg = Release|Any CPU
		{775E08AB-1E53-44F2-B9A8-C6609AF48928}.Release|Any CPU.Build.0 = Release|Any CPU
		{775E08AB-1E53-44F2-B9A8-C6609AF48928}.Release|x64.ActiveCfg = Release|Any CPU
		{775E08AB-1E53-44F2-B9A8-C6609AF48928}.Release|x64.Build.0 = Release|Any CPU
		{775E08AB-1E53-44F2-B9A8-C6609AF48928}.Release|x86.ActiveCfg = Release|Any CPU
		{775E08AB-1E53-44F2-B9A8-C6609AF48928}.Release|x86.Build.0 = Release|Any CPU
		{2E2CC5EA-E5B8-42D0-AFE6-B68D6CA75574}.Debug|Any CPU.ActiveCfg = Debug|Any CPU
		{2E2CC5EA-E5B8-42D0-AFE6-B68D6CA75574}.Debug|Any CPU.Build.0 = Debug|Any CPU
		{2E2CC5EA-E5B8-42D0-AFE6-B68D6CA75574}.Debug|x64.ActiveCfg = Debug|Any CPU
		{2E2CC5EA-E5B8-42D0-AFE6-B68D6CA75574}.Debug|x64.Build.0 = Debug|Any CPU
		{2E2CC5EA-E5B8-42D0-AFE6-B68D6CA75574}.Debug|x86.ActiveCfg = Debug|Any CPU
		{2E2CC5EA-E5B8-42D0-AFE6-B68D6CA75574}.Debug|x86.Build.0 = Debug|Any CPU
		{2E2CC5EA-E5B8-42D0-AFE6-B68D6CA75574}.Release|Any CPU.ActiveCfg = Release|Any CPU
		{2E2CC5EA-E5B8-42D0-AFE6-B68D6CA75574}.Release|Any CPU.Build.0 = Release|Any CPU
		{2E2CC5EA-E5B8-42D0-AFE6-B68D6CA75574}.Release|x64.ActiveCfg = Release|Any CPU
		{2E2CC5EA-E5B8-42D0-AFE6-B68D6CA75574}.Release|x64.Build.0 = Release|Any CPU
		{2E2CC5EA-E5B8-42D0-AFE6-B68D6CA75574}.Release|x86.ActiveCfg = Release|Any CPU
		{2E2CC5EA-E5B8-42D0-AFE6-B68D6CA75574}.Release|x86.Build.0 = Release|Any CPU
		{C56595A7-49A9-4B2D-96D5-CFD270512A1C}.Debug|Any CPU.ActiveCfg = Debug|Any CPU
		{C56595A7-49A9-4B2D-96D5-CFD270512A1C}.Debug|Any CPU.Build.0 = Debug|Any CPU
		{C56595A7-49A9-4B2D-96D5-CFD270512A1C}.Debug|x64.ActiveCfg = Debug|Any CPU
		{C56595A7-49A9-4B2D-96D5-CFD270512A1C}.Debug|x64.Build.0 = Debug|Any CPU
		{C56595A7-49A9-4B2D-96D5-CFD270512A1C}.Debug|x86.ActiveCfg = Debug|Any CPU
		{C56595A7-49A9-4B2D-96D5-CFD270512A1C}.Debug|x86.Build.0 = Debug|Any CPU
		{C56595A7-49A9-4B2D-96D5-CFD270512A1C}.Release|Any CPU.ActiveCfg = Release|Any CPU
		{C56595A7-49A9-4B2D-96D5-CFD270512A1C}.Release|Any CPU.Build.0 = Release|Any CPU
		{C56595A7-49A9-4B2D-96D5-CFD270512A1C}.Release|x64.ActiveCfg = Release|Any CPU
		{C56595A7-49A9-4B2D-96D5-CFD270512A1C}.Release|x64.Build.0 = Release|Any CPU
		{C56595A7-49A9-4B2D-96D5-CFD270512A1C}.Release|x86.ActiveCfg = Release|Any CPU
		{C56595A7-49A9-4B2D-96D5-CFD270512A1C}.Release|x86.Build.0 = Release|Any CPU
	EndGlobalSection
	GlobalSection(NestedProjects) = preSolution
		{775E08AB-1E53-44F2-B9A8-C6609AF48928} = {1C1CDF2D-E83E-4615-99E9-A352D85411D1}
		{2E2CC5EA-E5B8-42D0-AFE6-B68D6CA75574} = {1C1CDF2D-E83E-4615-99E9-A352D85411D1}
		{C56595A7-49A9-4B2D-96D5-CFD270512A1C} = {1C1CDF2D-E83E-4615-99E9-A352D85411D1}
	EndGlobalSection
EndGlobal
