
Microsoft Visual Studio Solution File, Format Version 12.00
# Visual Studio 15
VisualStudioVersion = 15.0.26124.0
MinimumVisualStudioVersion = 15.0.26124.0
Project("{2150E333-8FDC-42A3-9474-1A3956D46DE8}") = "Server", "Server", "{1DC930D7-3485-4A0F-BC68-1877BF844A37}"
EndProject
Project("{FAE04EC0-301F-11D3-BF4B-00C04F79EFBC}") = "Harvester", "Server\Harvester\Harvester.csproj", "{B40F05AF-2F1B-4BDC-A5D4-B69CF2037867}"
EndProject
Project("{FAE04EC0-301F-11D3-BF4B-00C04F79EFBC}") = "Sources", "Server\Sources\Sources.csproj", "{9F9DCA10-1C17-4593-801D-8C03283D6C6D}"
EndProject
Project("{FAE04EC0-301F-11D3-BF4B-00C04F79EFBC}") = "Models", "Models\Models.csproj", "{DF81EDB9-CBFC-4042-B148-496CA9F91074}"
EndProject
Project("{FAE04EC0-301F-11D3-BF4B-00C04F79EFBC}") = "Client", "Client\Client.csproj", "{410F970B-CFC3-4E42-9FC0-52768058F70F}"
EndProject
Global
	GlobalSection(SolutionConfigurationPlatforms) = preSolution
		Debug|Any CPU = Debug|Any CPU
		Debug|x64 = Debug|x64
		Debug|x86 = Debug|x86
		Release|Any CPU = Release|Any CPU
		Release|x64 = Release|x64
		Release|x86 = Release|x86
	EndGlobalSection
	GlobalSection(SolutionProperties) = preSolution
		HideSolutionNode = FALSE
	EndGlobalSection
	GlobalSection(ProjectConfigurationPlatforms) = postSolution
		{B40F05AF-2F1B-4BDC-A5D4-B69CF2037867}.Debug|Any CPU.ActiveCfg = Debug|Any CPU
		{B40F05AF-2F1B-4BDC-A5D4-B69CF2037867}.Debug|Any CPU.Build.0 = Debug|Any CPU
		{B40F05AF-2F1B-4BDC-A5D4-B69CF2037867}.Debug|x64.ActiveCfg = Debug|Any CPU
		{B40F05AF-2F1B-4BDC-A5D4-B69CF2037867}.Debug|x64.Build.0 = Debug|Any CPU
		{B40F05AF-2F1B-4BDC-A5D4-B69CF2037867}.Debug|x86.ActiveCfg = Debug|Any CPU
		{B40F05AF-2F1B-4BDC-A5D4-B69CF2037867}.Debug|x86.Build.0 = Debug|Any CPU
		{B40F05AF-2F1B-4BDC-A5D4-B69CF2037867}.Release|Any CPU.ActiveCfg = Release|Any CPU
		{B40F05AF-2F1B-4BDC-A5D4-B69CF2037867}.Release|Any CPU.Build.0 = Release|Any CPU
		{B40F05AF-2F1B-4BDC-A5D4-B69CF2037867}.Release|x64.ActiveCfg = Release|Any CPU
		{B40F05AF-2F1B-4BDC-A5D4-B69CF2037867}.Release|x64.Build.0 = Release|Any CPU
		{B40F05AF-2F1B-4BDC-A5D4-B69CF2037867}.Release|x86.ActiveCfg = Release|Any CPU
		{B40F05AF-2F1B-4BDC-A5D4-B69CF2037867}.Release|x86.Build.0 = Release|Any CPU
		{9F9DCA10-1C17-4593-801D-8C03283D6C6D}.Debug|Any CPU.ActiveCfg = Debug|Any CPU
		{9F9DCA10-1C17-4593-801D-8C03283D6C6D}.Debug|Any CPU.Build.0 = Debug|Any CPU
		{9F9DCA10-1C17-4593-801D-8C03283D6C6D}.Debug|x64.ActiveCfg = Debug|Any CPU
		{9F9DCA10-1C17-4593-801D-8C03283D6C6D}.Debug|x64.Build.0 = Debug|Any CPU
		{9F9DCA10-1C17-4593-801D-8C03283D6C6D}.Debug|x86.ActiveCfg = Debug|Any CPU
		{9F9DCA10-1C17-4593-801D-8C03283D6C6D}.Debug|x86.Build.0 = Debug|Any CPU
		{9F9DCA10-1C17-4593-801D-8C03283D6C6D}.Release|Any CPU.ActiveCfg = Release|Any CPU
		{9F9DCA10-1C17-4593-801D-8C03283D6C6D}.Release|Any CPU.Build.0 = Release|Any CPU
		{9F9DCA10-1C17-4593-801D-8C03283D6C6D}.Release|x64.ActiveCfg = Release|Any CPU
		{9F9DCA10-1C17-4593-801D-8C03283D6C6D}.Release|x64.Build.0 = Release|Any CPU
		{9F9DCA10-1C17-4593-801D-8C03283D6C6D}.Release|x86.ActiveCfg = Release|Any CPU
		{9F9DCA10-1C17-4593-801D-8C03283D6C6D}.Release|x86.Build.0 = Release|Any CPU
		{DF81EDB9-CBFC-4042-B148-496CA9F91074}.Debug|Any CPU.ActiveCfg = Debug|Any CPU
		{DF81EDB9-CBFC-4042-B148-496CA9F91074}.Debug|Any CPU.Build.0 = Debug|Any CPU
		{DF81EDB9-CBFC-4042-B148-496CA9F91074}.Debug|x64.ActiveCfg = Debug|Any CPU
		{DF81EDB9-CBFC-4042-B148-496CA9F91074}.Debug|x64.Build.0 = Debug|Any CPU
		{DF81EDB9-CBFC-4042-B148-496CA9F91074}.Debug|x86.ActiveCfg = Debug|Any CPU
		{DF81EDB9-CBFC-4042-B148-496CA9F91074}.Debug|x86.Build.0 = Debug|Any CPU
		{DF81EDB9-CBFC-4042-B148-496CA9F91074}.Release|Any CPU.ActiveCfg = Release|Any CPU
		{DF81EDB9-CBFC-4042-B148-496CA9F91074}.Release|Any CPU.Build.0 = Release|Any CPU
		{DF81EDB9-CBFC-4042-B148-496CA9F91074}.Release|x64.ActiveCfg = Release|Any CPU
		{DF81EDB9-CBFC-4042-B148-496CA9F91074}.Release|x64.Build.0 = Release|Any CPU
		{DF81EDB9-CBFC-4042-B148-496CA9F91074}.Release|x86.ActiveCfg = Release|Any CPU
		{DF81EDB9-CBFC-4042-B148-496CA9F91074}.Release|x86.Build.0 = Release|Any CPU
		{410F970B-CFC3-4E42-9FC0-52768058F70F}.Debug|Any CPU.ActiveCfg = Debug|Any CPU
		{410F970B-CFC3-4E42-9FC0-52768058F70F}.Debug|Any CPU.Build.0 = Debug|Any CPU
		{410F970B-CFC3-4E42-9FC0-52768058F70F}.Debug|x64.ActiveCfg = Debug|Any CPU
		{410F970B-CFC3-4E42-9FC0-52768058F70F}.Debug|x64.Build.0 = Debug|Any CPU
		{410F970B-CFC3-4E42-9FC0-52768058F70F}.Debug|x86.ActiveCfg = Debug|Any CPU
		{410F970B-CFC3-4E42-9FC0-52768058F70F}.Debug|x86.Build.0 = Debug|Any CPU
		{410F970B-CFC3-4E42-9FC0-52768058F70F}.Release|Any CPU.ActiveCfg = Release|Any CPU
		{410F970B-CFC3-4E42-9FC0-52768058F70F}.Release|Any CPU.Build.0 = Release|Any CPU
		{410F970B-CFC3-4E42-9FC0-52768058F70F}.Release|x64.ActiveCfg = Release|Any CPU
		{410F970B-CFC3-4E42-9FC0-52768058F70F}.Release|x64.Build.0 = Release|Any CPU
		{410F970B-CFC3-4E42-9FC0-52768058F70F}.Release|x86.ActiveCfg = Release|Any CPU
		{410F970B-CFC3-4E42-9FC0-52768058F70F}.Release|x86.Build.0 = Release|Any CPU
	EndGlobalSection
	GlobalSection(NestedProjects) = preSolution
		{B40F05AF-2F1B-4BDC-A5D4-B69CF2037867} = {1DC930D7-3485-4A0F-BC68-1877BF844A37}
		{9F9DCA10-1C17-4593-801D-8C03283D6C6D} = {1DC930D7-3485-4A0F-BC68-1877BF844A37}
	EndGlobalSection
EndGlobal
