
Microsoft Visual Studio Solution File, Format Version 12.00
# Visual Studio Version 16
VisualStudioVersion = 16.0.28922.388
MinimumVisualStudioVersion = 10.0.40219.1
Project("{FAE04EC0-301F-11D3-BF4B-00C04F79EFBC}") = "Functions", "Functions\Functions.csproj", "{7148DAEE-2D04-4849-833F-57F22FD664B2}"
EndProject
Project("{FAE04EC0-301F-11D3-BF4B-00C04F79EFBC}") = "SourcesSupport", "SourcesSupport\SourcesSupport.csproj", "{3F2478D4-EC7C-4249-8BA9-CD4CCA167A6B}"
EndProject
Project("{FAE04EC0-301F-11D3-BF4B-00C04F79EFBC}") = "Tests", "Tests\Tests.csproj", "{17676522-3230-430E-B0ED-EC073BCAE0C3}"
EndProject
Global
	GlobalSection(SolutionConfigurationPlatforms) = preSolution
		Debug|Any CPU = Debug|Any CPU
		Release|Any CPU = Release|Any CPU
	EndGlobalSection
	GlobalSection(ProjectConfigurationPlatforms) = postSolution
		{7148DAEE-2D04-4849-833F-57F22FD664B2}.Debug|Any CPU.ActiveCfg = Debug|Any CPU
		{7148DAEE-2D04-4849-833F-57F22FD664B2}.Debug|Any CPU.Build.0 = Debug|Any CPU
		{7148DAEE-2D04-4849-833F-57F22FD664B2}.Release|Any CPU.ActiveCfg = Release|Any CPU
		{7148DAEE-2D04-4849-833F-57F22FD664B2}.Release|Any CPU.Build.0 = Release|Any CPU
		{3F2478D4-EC7C-4249-8BA9-CD4CCA167A6B}.Debug|Any CPU.ActiveCfg = Debug|Any CPU
		{3F2478D4-EC7C-4249-8BA9-CD4CCA167A6B}.Debug|Any CPU.Build.0 = Debug|Any CPU
		{3F2478D4-EC7C-4249-8BA9-CD4CCA167A6B}.Release|Any CPU.ActiveCfg = Release|Any CPU
		{3F2478D4-EC7C-4249-8BA9-CD4CCA167A6B}.Release|Any CPU.Build.0 = Release|Any CPU
		{17676522-3230-430E-B0ED-EC073BCAE0C3}.Debug|Any CPU.ActiveCfg = Debug|Any CPU
		{17676522-3230-430E-B0ED-EC073BCAE0C3}.Debug|Any CPU.Build.0 = Debug|Any CPU
		{17676522-3230-430E-B0ED-EC073BCAE0C3}.Release|Any CPU.ActiveCfg = Release|Any CPU
		{17676522-3230-430E-B0ED-EC073BCAE0C3}.Release|Any CPU.Build.0 = Release|Any CPU
	EndGlobalSection
	GlobalSection(SolutionProperties) = preSolution
		HideSolutionNode = FALSE
	EndGlobalSection
	GlobalSection(ExtensibilityGlobals) = postSolution
		SolutionGuid = {4B4A6880-7227-40BF-A8DA-81C0F4408597}
	EndGlobalSection
EndGlobal
